
Microsoft Visual Studio Solution File, Format Version 12.00
Project("{FAE04EC0-301F-11D3-BF4B-00C04F79EFBC}") = "UsingMyFavoritePlatform.HomeWork", "UsingMyFavoritePlatform.HomeWork\UsingMyFavoritePlatform.HomeWork.csproj", "{D2FBB91E-8BE4-4275-ABB9-3E24EDF6CBC9}"
EndProject
Global
	GlobalSection(SolutionConfigurationPlatforms) = preSolution
		Debug|Any CPU = Debug|Any CPU
		Release|Any CPU = Release|Any CPU
	EndGlobalSection
	GlobalSection(ProjectConfigurationPlatforms) = postSolution
		{D2FBB91E-8BE4-4275-ABB9-3E24EDF6CBC9}.Debug|Any CPU.ActiveCfg = Debug|Any CPU
		{D2FBB91E-8BE4-4275-ABB9-3E24EDF6CBC9}.Debug|Any CPU.Build.0 = Debug|Any CPU
		{D2FBB91E-8BE4-4275-ABB9-3E24EDF6CBC9}.Release|Any CPU.ActiveCfg = Release|Any CPU
		{D2FBB91E-8BE4-4275-ABB9-3E24EDF6CBC9}.Release|Any CPU.Build.0 = Release|Any CPU
	EndGlobalSection
EndGlobal
